
Microsoft Visual Studio Solution File, Format Version 12.00
# Visual Studio Version 17
VisualStudioVersion = 17.5.002.0
MinimumVisualStudioVersion = 10.0.40219.1
Project("{2150E333-8FDC-42A3-9474-1A3956D46DE8}") = "src", "src", "{5547AD50-983A-4F2C-832B-187E73C836DA}"
EndProject
Project("{9A19103F-16F7-4668-BE54-9A1E7A4F7556}") = "DevMate", "src\DevMate\DevMate.csproj", "{705672B1-9FDF-42A7-BE75-56093297D775}"
EndProject
Global
	GlobalSection(SolutionConfigurationPlatforms) = preSolution
		Debug|Any CPU = Debug|Any CPU
		Release|Any CPU = Release|Any CPU
	EndGlobalSection
	GlobalSection(ProjectConfigurationPlatforms) = postSolution
		{705672B1-9FDF-42A7-BE75-56093297D775}.Debug|Any CPU.ActiveCfg = Debug|Any CPU
		{705672B1-9FDF-42A7-BE75-56093297D775}.Debug|Any CPU.Build.0 = Debug|Any CPU
		{705672B1-9FDF-42A7-BE75-56093297D775}.Release|Any CPU.ActiveCfg = Release|Any CPU
		{705672B1-9FDF-42A7-BE75-56093297D775}.Release|Any CPU.Build.0 = Release|Any CPU
	EndGlobalSection
	GlobalSection(SolutionProperties) = preSolution
		HideSolutionNode = FALSE
	EndGlobalSection
	GlobalSection(NestedProjects) = preSolution
		{705672B1-9FDF-42A7-BE75-56093297D775} = {5547AD50-983A-4F2C-832B-187E73C836DA}
	EndGlobalSection
	GlobalSection(ExtensibilityGlobals) = postSolution
		SolutionGuid = {B1726EB2-A5EF-46C5-B1E2-1FA3B1D1F2ED}
	EndGlobalSection
EndGlobal
